
Microsoft Visual Studio Solution File, Format Version 12.00
# Visual Studio Version 17
VisualStudioVersion = 17.9.34723.18
MinimumVisualStudioVersion = 10.0.40219.1
Project("{FAE04EC0-301F-11D3-BF4B-00C04F79EFBC}") = "CredentialsApp", "CredentialsApp\CredentialsApp.csproj", "{4CE20346-6B8E-4A23-A251-CF103CADAFAF}"
EndProject
Project("{FAE04EC0-301F-11D3-BF4B-00C04F79EFBC}") = "CredentialsAppDALibrary", "CredentialsAppDALibrary\CredentialsAppDALibrary.csproj", "{BA9AAB6B-A06E-44F8-94CD-C45EB5B645A5}"
EndProject
Project("{FAE04EC0-301F-11D3-BF4B-00C04F79EFBC}") = "CredentialsModelLibrary", "CredentialsModelLibrary\CredentialsModelLibrary.csproj", "{A66782D4-F12D-4ECB-93D1-FB0CBCF50185}"
EndProject
Project("{FAE04EC0-301F-11D3-BF4B-00C04F79EFBC}") = "CredentialsBLLibrary", "CredentialsBLLibrary\CredentialsBLLibrary.csproj", "{6618A0E9-8B42-499B-87FE-3EC4277C696A}"
EndProject
Global
	GlobalSection(SolutionConfigurationPlatforms) = preSolution
		Debug|Any CPU = Debug|Any CPU
		Release|Any CPU = Release|Any CPU
	EndGlobalSection
	GlobalSection(ProjectConfigurationPlatforms) = postSolution
		{4CE20346-6B8E-4A23-A251-CF103CADAFAF}.Debug|Any CPU.ActiveCfg = Debug|Any CPU
		{4CE20346-6B8E-4A23-A251-CF103CADAFAF}.Debug|Any CPU.Build.0 = Debug|Any CPU
		{4CE20346-6B8E-4A23-A251-CF103CADAFAF}.Release|Any CPU.ActiveCfg = Release|Any CPU
		{4CE20346-6B8E-4A23-A251-CF103CADAFAF}.Release|Any CPU.Build.0 = Release|Any CPU
		{BA9AAB6B-A06E-44F8-94CD-C45EB5B645A5}.Debug|Any CPU.ActiveCfg = Debug|Any CPU
		{BA9AAB6B-A06E-44F8-94CD-C45EB5B645A5}.Debug|Any CPU.Build.0 = Debug|Any CPU
		{BA9AAB6B-A06E-44F8-94CD-C45EB5B645A5}.Release|Any CPU.ActiveCfg = Release|Any CPU
		{BA9AAB6B-A06E-44F8-94CD-C45EB5B645A5}.Release|Any CPU.Build.0 = Release|Any CPU
		{A66782D4-F12D-4ECB-93D1-FB0CBCF50185}.Debug|Any CPU.ActiveCfg = Debug|Any CPU
		{A66782D4-F12D-4ECB-93D1-FB0CBCF50185}.Debug|Any CPU.Build.0 = Debug|Any CPU
		{A66782D4-F12D-4ECB-93D1-FB0CBCF50185}.Release|Any CPU.ActiveCfg = Release|Any CPU
		{A66782D4-F12D-4ECB-93D1-FB0CBCF50185}.Release|Any CPU.Build.0 = Release|Any CPU
		{6618A0E9-8B42-499B-87FE-3EC4277C696A}.Debug|Any CPU.ActiveCfg = Debug|Any CPU
		{6618A0E9-8B42-499B-87FE-3EC4277C696A}.Debug|Any CPU.Build.0 = Debug|Any CPU
		{6618A0E9-8B42-499B-87FE-3EC4277C696A}.Release|Any CPU.ActiveCfg = Release|Any CPU
		{6618A0E9-8B42-499B-87FE-3EC4277C696A}.Release|Any CPU.Build.0 = Release|Any CPU
	EndGlobalSection
	GlobalSection(SolutionProperties) = preSolution
		HideSolutionNode = FALSE
	EndGlobalSection
	GlobalSection(ExtensibilityGlobals) = postSolution
		SolutionGuid = {CDEC5514-1C03-4396-895C-0AD20DFE2C07}
	EndGlobalSection
EndGlobal
